
Microsoft Visual Studio Solution File, Format Version 12.00
# Visual Studio Version 16
VisualStudioVersion = 16.0.32802.440
MinimumVisualStudioVersion = 10.0.40219.1
Project("{FAE04EC0-301F-11D3-BF4B-00C04F79EFBC}") = "EduHomeProject", "EduHomeProject\EduHomeProject.csproj", "{61D96DBE-24CE-4E79-8CD5-A5D367BFDED9}"
EndProject
Global
	GlobalSection(SolutionConfigurationPlatforms) = preSolution
		Debug|Any CPU = Debug|Any CPU
		Release|Any CPU = Release|Any CPU
	EndGlobalSection
	GlobalSection(ProjectConfigurationPlatforms) = postSolution
		{61D96DBE-24CE-4E79-8CD5-A5D367BFDED9}.Debug|Any CPU.ActiveCfg = Debug|Any CPU
		{61D96DBE-24CE-4E79-8CD5-A5D367BFDED9}.Debug|Any CPU.Build.0 = Debug|Any CPU
		{61D96DBE-24CE-4E79-8CD5-A5D367BFDED9}.Release|Any CPU.ActiveCfg = Release|Any CPU
		{61D96DBE-24CE-4E79-8CD5-A5D367BFDED9}.Release|Any CPU.Build.0 = Release|Any CPU
	EndGlobalSection
	GlobalSection(SolutionProperties) = preSolution
		HideSolutionNode = FALSE
	EndGlobalSection
	GlobalSection(ExtensibilityGlobals) = postSolution
		SolutionGuid = {9EBB7A1F-B72D-4FAF-A1A2-B0F7A7FCAC5A}
	EndGlobalSection
EndGlobal
